// !$*UTF8*$!
{
	archiveVersion = 1;
	classes = {
	};
	objectVersion = 56;
	objects = {

/* Begin PBXBuildFile section */
		344225B92BD017A3009AA275 /* StudyApp_SwiftUIApp.swift in Sources */ = {isa = PBXBuildFile; fileRef = 344225B82BD017A3009AA275 /* StudyApp_SwiftUIApp.swift */; };
		344225BB2BD017A3009AA275 /* ContentView.swift in Sources */ = {isa = PBXBuildFile; fileRef = 344225BA2BD017A3009AA275 /* ContentView.swift */; };
		344225BD2BD017A5009AA275 /* Assets.xcassets in Resources */ = {isa = PBXBuildFile; fileRef = 344225BC2BD017A5009AA275 /* Assets.xcassets */; };
		344225C02BD017A5009AA275 /* Preview Assets.xcassets in Resources */ = {isa = PBXBuildFile; fileRef = 344225BF2BD017A5009AA275 /* Preview Assets.xcassets */; };
		344B2C902BEE1D0700E16036 /* SubjectItemsView.swift in Sources */ = {isa = PBXBuildFile; fileRef = 344B2C8F2BEE1D0700E16036 /* SubjectItemsView.swift */; };
		344B2C932BEE1D4700E16036 /* FAQView.swift in Sources */ = {isa = PBXBuildFile; fileRef = 344B2C922BEE1D4700E16036 /* FAQView.swift */; };
		344B2C952BEE495900E16036 /* QuestionModel.swift in Sources */ = {isa = PBXBuildFile; fileRef = 344B2C942BEE495900E16036 /* QuestionModel.swift */; };
		3490A2432BD77EB300777780 /* PendingTestView.swift in Sources */ = {isa = PBXBuildFile; fileRef = 3490A2422BD77EB300777780 /* PendingTestView.swift */; };
		3490A2472BD7872900777780 /* SubjectModel.swift in Sources */ = {isa = PBXBuildFile; fileRef = 3490A2462BD7872900777780 /* SubjectModel.swift */; };
		34C123F52BED4735003681E2 /* TabBarView.swift in Sources */ = {isa = PBXBuildFile; fileRef = 34C123F42BED4735003681E2 /* TabBarView.swift */; };
		34C123F72BED4D95003681E2 /* SubjectsView.swift in Sources */ = {isa = PBXBuildFile; fileRef = 34C123F62BED4D95003681E2 /* SubjectsView.swift */; };
		34C123F92BED5D39003681E2 /* HeaderView.swift in Sources */ = {isa = PBXBuildFile; fileRef = 34C123F82BED5D39003681E2 /* HeaderView.swift */; };
		34C3C8742BD67D610084C2F9 /* PendindTestModel.swift in Sources */ = {isa = PBXBuildFile; fileRef = 34C3C8732BD67D610084C2F9 /* PendindTestModel.swift */; };
		34C3C8762BD67E930084C2F9 /* PointView.swift in Sources */ = {isa = PBXBuildFile; fileRef = 34C3C8752BD67E930084C2F9 /* PointView.swift */; };
/* End PBXBuildFile section */

/* Begin PBXFileReference section */
		344225B52BD017A3009AA275 /* StudyApp_SwiftUI.app */ = {isa = PBXFileReference; explicitFileType = wrapper.application; includeInIndex = 0; path = StudyApp_SwiftUI.app; sourceTree = BUILT_PRODUCTS_DIR; };
		344225B82BD017A3009AA275 /* StudyApp_SwiftUIApp.swift */ = {isa = PBXFileReference; lastKnownFileType = sourcecode.swift; path = StudyApp_SwiftUIApp.swift; sourceTree = "<group>"; };
		344225BA2BD017A3009AA275 /* ContentView.swift */ = {isa = PBXFileReference; lastKnownFileType = sourcecode.swift; path = ContentView.swift; sourceTree = "<group>"; };
		344225BC2BD017A5009AA275 /* Assets.xcassets */ = {isa = PBXFileReference; lastKnownFileType = folder.assetcatalog; path = Assets.xcassets; sourceTree = "<group>"; };
		344225BF2BD017A5009AA275 /* Preview Assets.xcassets */ = {isa = PBXFileReference; lastKnownFileType = folder.assetcatalog; path = "Preview Assets.xcassets"; sourceTree = "<group>"; };
		344B2C8F2BEE1D0700E16036 /* SubjectItemsView.swift */ = {isa = PBXFileReference; lastKnownFileType = sourcecode.swift; path = SubjectItemsView.swift; sourceTree = "<group>"; };
		344B2C922BEE1D4700E16036 /* FAQView.swift */ = {isa = PBXFileReference; lastKnownFileType = sourcecode.swift; path = FAQView.swift; sourceTree = "<group>"; };
		344B2C942BEE495900E16036 /* QuestionModel.swift */ = {isa = PBXFileReference; lastKnownFileType = sourcecode.swift; path = QuestionModel.swift; sourceTree = "<group>"; };
		3490A2422BD77EB300777780 /* PendingTestView.swift */ = {isa = PBXFileReference; lastKnownFileType = sourcecode.swift; path = PendingTestView.swift; sourceTree = "<group>"; };
		3490A2462BD7872900777780 /* SubjectModel.swift */ = {isa = PBXFileReference; lastKnownFileType = sourcecode.swift; path = SubjectModel.swift; sourceTree = "<group>"; };
		34C123F42BED4735003681E2 /* TabBarView.swift */ = {isa = PBXFileReference; lastKnownFileType = sourcecode.swift; path = TabBarView.swift; sourceTree = "<group>"; };
		34C123F62BED4D95003681E2 /* SubjectsView.swift */ = {isa = PBXFileReference; lastKnownFileType = sourcecode.swift; path = SubjectsView.swift; sourceTree = "<group>"; };
		34C123F82BED5D39003681E2 /* HeaderView.swift */ = {isa = PBXFileReference; lastKnownFileType = sourcecode.swift; path = HeaderView.swift; sourceTree = "<group>"; };
		34C3C8732BD67D610084C2F9 /* PendindTestModel.swift */ = {isa = PBXFileReference; lastKnownFileType = sourcecode.swift; path = PendindTestModel.swift; sourceTree = "<group>"; };
		34C3C8752BD67E930084C2F9 /* PointView.swift */ = {isa = PBXFileReference; lastKnownFileType = sourcecode.swift; path = PointView.swift; sourceTree = "<group>"; };
/* End PBXFileReference section */

/* Begin PBXFrameworksBuildPhase section */
		344225B22BD017A3009AA275 /* Frameworks */ = {
			isa = PBXFrameworksBuildPhase;
			buildActionMask = 2147483647;
			files = (
			);
			runOnlyForDeploymentPostprocessing = 0;
		};
/* End PBXFrameworksBuildPhase section */

/* Begin PBXGroup section */
		344225AC2BD017A3009AA275 = {
			isa = PBXGroup;
			children = (
				344225B72BD017A3009AA275 /* StudyApp_SwiftUI */,
				344225B62BD017A3009AA275 /* Products */,
			);
			sourceTree = "<group>";
		};
		344225B62BD017A3009AA275 /* Products */ = {
			isa = PBXGroup;
			children = (
				344225B52BD017A3009AA275 /* StudyApp_SwiftUI.app */,
			);
			name = Products;
			sourceTree = "<group>";
		};
		344225B72BD017A3009AA275 /* StudyApp_SwiftUI */ = {
			isa = PBXGroup;
			children = (
				344B2C912BEE1D3200E16036 /* FAQPage */,
				344B2C8E2BEE1CE800E16036 /* SubjectsPage */,
				344B2C8D2BEE1C7B00E16036 /* HomePage */,
				344225B82BD017A3009AA275 /* StudyApp_SwiftUIApp.swift */,
				344225BC2BD017A5009AA275 /* Assets.xcassets */,
				344225BE2BD017A5009AA275 /* Preview Content */,
				34C3C8722BD67D450084C2F9 /* Models */,
				34C123F42BED4735003681E2 /* TabBarView.swift */,
				34C123F82BED5D39003681E2 /* HeaderView.swift */,
			);
			path = StudyApp_SwiftUI;
			sourceTree = "<group>";
		};
		344225BE2BD017A5009AA275 /* Preview Content */ = {
			isa = PBXGroup;
			children = (
				344225BF2BD017A5009AA275 /* Preview Assets.xcassets */,
			);
			path = "Preview Content";
			sourceTree = "<group>";
		};
		344B2C8D2BEE1C7B00E16036 /* HomePage */ = {
			isa = PBXGroup;
			children = (
				344225BA2BD017A3009AA275 /* ContentView.swift */,
				34C3C8752BD67E930084C2F9 /* PointView.swift */,
				3490A2422BD77EB300777780 /* PendingTestView.swift */,
			);
			path = HomePage;
			sourceTree = "<group>";
		};
		344B2C8E2BEE1CE800E16036 /* SubjectsPage */ = {
			isa = PBXGroup;
			children = (
				34C123F62BED4D95003681E2 /* SubjectsView.swift */,
				344B2C8F2BEE1D0700E16036 /* SubjectItemsView.swift */,
			);
			path = SubjectsPage;
			sourceTree = "<group>";
		};
		344B2C912BEE1D3200E16036 /* FAQPage */ = {
			isa = PBXGroup;
			children = (
				344B2C922BEE1D4700E16036 /* FAQView.swift */,
			);
			path = FAQPage;
			sourceTree = "<group>";
		};
		34C3C8722BD67D450084C2F9 /* Models */ = {
			isa = PBXGroup;
			children = (
				34C3C8732BD67D610084C2F9 /* PendindTestModel.swift */,
				3490A2462BD7872900777780 /* SubjectModel.swift */,
				344B2C942BEE495900E16036 /* QuestionModel.swift */,
			);
			path = Models;
			sourceTree = "<group>";
		};
/* End PBXGroup section */

/* Begin PBXNativeTarget section */
		344225B42BD017A3009AA275 /* StudyApp_SwiftUI */ = {
			isa = PBXNativeTarget;
			buildConfigurationList = 344225C32BD017A5009AA275 /* Build configuration list for PBXNativeTarget "StudyApp_SwiftUI" */;
			buildPhases = (
				344225B12BD017A3009AA275 /* Sources */,
				344225B22BD017A3009AA275 /* Frameworks */,
				344225B32BD017A3009AA275 /* Resources */,
			);
			buildRules = (
			);
			dependencies = (
			);
			name = StudyApp_SwiftUI;
			productName = StudyApp_SwiftUI;
			productReference = 344225B52BD017A3009AA275 /* StudyApp_SwiftUI.app */;
			productType = "com.apple.product-type.application";
		};
/* End PBXNativeTarget section */

/* Begin PBXProject section */
		344225AD2BD017A3009AA275 /* Project object */ = {
			isa = PBXProject;
			attributes = {
				BuildIndependentTargetsInParallel = 1;
				LastSwiftUpdateCheck = 1520;
				LastUpgradeCheck = 1520;
				TargetAttributes = {
					344225B42BD017A3009AA275 = {
						CreatedOnToolsVersion = 15.2;
					};
				};
			};
			buildConfigurationList = 344225B02BD017A3009AA275 /* Build configuration list for PBXProject "StudyApp_SwiftUI" */;
			compatibilityVersion = "Xcode 14.0";
			developmentRegion = en;
			hasScannedForEncodings = 0;
			knownRegions = (
				en,
				Base,
			);
			mainGroup = 344225AC2BD017A3009AA275;
			productRefGroup = 344225B62BD017A3009AA275 /* Products */;
			projectDirPath = "";
			projectRoot = "";
			targets = (
				344225B42BD017A3009AA275 /* StudyApp_SwiftUI */,
			);
		};
/* End PBXProject section */

/* Begin PBXResourcesBuildPhase section */
		344225B32BD017A3009AA275 /* Resources */ = {
			isa = PBXResourcesBuildPhase;
			buildActionMask = 2147483647;
			files = (
				344225C02BD017A5009AA275 /* Preview Assets.xcassets in Resources */,
				344225BD2BD017A5009AA275 /* Assets.xcassets in Resources */,
			);
			runOnlyForDeploymentPostprocessing = 0;
		};
/* End PBXResourcesBuildPhase section */

/* Begin PBXSourcesBuildPhase section */
		344225B12BD017A3009AA275 /* Sources */ = {
			isa = PBXSourcesBuildPhase;
			buildActionMask = 2147483647;
			files = (
				344225BB2BD017A3009AA275 /* ContentView.swift in Sources */,
				34C123F92BED5D39003681E2 /* HeaderView.swift in Sources */,
				34C3C8742BD67D610084C2F9 /* PendindTestModel.swift in Sources */,
				344B2C952BEE495900E16036 /* QuestionModel.swift in Sources */,
				34C123F52BED4735003681E2 /* TabBarView.swift in Sources */,
				34C123F72BED4D95003681E2 /* SubjectsView.swift in Sources */,
				3490A2472BD7872900777780 /* SubjectModel.swift in Sources */,
				344B2C902BEE1D0700E16036 /* SubjectItemsView.swift in Sources */,
				344225B92BD017A3009AA275 /* StudyApp_SwiftUIApp.swift in Sources */,
				34C3C8762BD67E930084C2F9 /* PointView.swift in Sources */,
				3490A2432BD77EB300777780 /* PendingTestView.swift in Sources */,
				344B2C932BEE1D4700E16036 /* FAQView.swift in Sources */,
			);
			runOnlyForDeploymentPostprocessing = 0;
		};
/* End PBXSourcesBuildPhase section */

/* Begin XCBuildConfiguration section */
		344225C12BD017A5009AA275 /* Debug */ = {
			isa = XCBuildConfiguration;
			buildSettings = {
				ALWAYS_SEARCH_USER_PATHS = NO;
				ASSETCATALOG_COMPILER_GENERATE_SWIFT_ASSET_SYMBOL_EXTENSIONS = YES;
				CLANG_ANALYZER_NONNULL = YES;
				CLANG_ANALYZER_NUMBER_OBJECT_CONVERSION = YES_AGGRESSIVE;
				CLANG_CXX_LANGUAGE_STANDARD = "gnu++20";
				CLANG_ENABLE_MODULES = YES;
				CLANG_ENABLE_OBJC_ARC = YES;
				CLANG_ENABLE_OBJC_WEAK = YES;
				CLANG_WARN_BLOCK_CAPTURE_AUTORELEASING = YES;
				CLANG_WARN_BOOL_CONVERSION = YES;
				CLANG_WARN_COMMA = YES;
				CLANG_WARN_CONSTANT_CONVERSION = YES;
				CLANG_WARN_DEPRECATED_OBJC_IMPLEMENTATIONS = YES;
				CLANG_WARN_DIRECT_OBJC_ISA_USAGE = YES_ERROR;
				CLANG_WARN_DOCUMENTATION_COMMENTS = YES;
				CLANG_WARN_EMPTY_BODY = YES;
				CLANG_WARN_ENUM_CONVERSION = YES;
				CLANG_WARN_INFINITE_RECURSION = YES;
				CLANG_WARN_INT_CONVERSION = YES;
				CLANG_WARN_NON_LITERAL_NULL_CONVERSION = YES;
				CLANG_WARN_OBJC_IMPLICIT_RETAIN_SELF = YES;
				CLANG_WARN_OBJC_LITERAL_CONVERSION = YES;
				CLANG_WARN_OBJC_ROOT_CLASS = YES_ERROR;
				CLANG_WARN_QUOTED_INCLUDE_IN_FRAMEWORK_HEADER = YES;
				CLANG_WARN_RANGE_LOOP_ANALYSIS = YES;
				CLANG_WARN_STRICT_PROTOTYPES = YES;
				CLANG_WARN_SUSPICIOUS_MOVE = YES;
				CLANG_WARN_UNGUARDED_AVAILABILITY = YES_AGGRESSIVE;
				CLANG_WARN_UNREACHABLE_CODE = YES;
				CLANG_WARN__DUPLICATE_METHOD_MATCH = YES;
				COPY_PHASE_STRIP = NO;
				DEBUG_INFORMATION_FORMAT = dwarf;
				ENABLE_STRICT_OBJC_MSGSEND = YES;
				ENABLE_TESTABILITY = YES;
				ENABLE_USER_SCRIPT_SANDBOXING = YES;
				GCC_C_LANGUAGE_STANDARD = gnu17;
				GCC_DYNAMIC_NO_PIC = NO;
				GCC_NO_COMMON_BLOCKS = YES;
				GCC_OPTIMIZATION_LEVEL = 0;
				GCC_PREPROCESSOR_DEFINITIONS = (
					"DEBUG=1",
					"$(inherited)",
				);
				GCC_WARN_64_TO_32_BIT_CONVERSION = YES;
				GCC_WARN_ABOUT_RETURN_TYPE = YES_ERROR;
				GCC_WARN_UNDECLARED_SELECTOR = YES;
				GCC_WARN_UNINITIALIZED_AUTOS = YES_AGGRESSIVE;
				GCC_WARN_UNUSED_FUNCTION = YES;
				GCC_WARN_UNUSED_VARIABLE = YES;
				IPHONEOS_DEPLOYMENT_TARGET = 17.2;
				LOCALIZATION_PREFERS_STRING_CATALOGS = YES;
				MTL_ENABLE_DEBUG_INFO = INCLUDE_SOURCE;
				MTL_FAST_MATH = YES;
				ONLY_ACTIVE_ARCH = YES;
				SDKROOT = iphoneos;
				SWIFT_ACTIVE_COMPILATION_CONDITIONS = "DEBUG $(inherited)";
				SWIFT_OPTIMIZATION_LEVEL = "-Onone";
			};
			name = Debug;
		};
		344225C22BD017A5009AA275 /* Release */ = {
			isa = XCBuildConfiguration;
			buildSettings = {
				ALWAYS_SEARCH_USER_PATHS = NO;
				ASSETCATALOG_COMPILER_GENERATE_SWIFT_ASSET_SYMBOL_EXTENSIONS = YES;
				CLANG_ANALYZER_NONNULL = YES;
				CLANG_ANALYZER_NUMBER_OBJECT_CONVERSION = YES_AGGRESSIVE;
				CLANG_CXX_LANGUAGE_STANDARD = "gnu++20";
				CLANG_ENABLE_MODULES = YES;
				CLANG_ENABLE_OBJC_ARC = YES;
				CLANG_ENABLE_OBJC_WEAK = YES;
				CLANG_WARN_BLOCK_CAPTURE_AUTORELEASING = YES;
				CLANG_WARN_BOOL_CONVERSION = YES;
				CLANG_WARN_COMMA = YES;
				CLANG_WARN_CONSTANT_CONVERSION = YES;
				CLANG_WARN_DEPRECATED_OBJC_IMPLEMENTATIONS = YES;
				CLANG_WARN_DIRECT_OBJC_ISA_USAGE = YES_ERROR;
				CLANG_WARN_DOCUMENTATION_COMMENTS = YES;
				CLANG_WARN_EMPTY_BODY = YES;
				CLANG_WARN_ENUM_CONVERSION = YES;
				CLANG_WARN_INFINITE_RECURSION = YES;
				CLANG_WARN_INT_CONVERSION = YES;
				CLANG_WARN_NON_LITERAL_NULL_CONVERSION = YES;
				CLANG_WARN_OBJC_IMPLICIT_RETAIN_SELF = YES;
				CLANG_WARN_OBJC_LITERAL_CONVERSION = YES;
				CLANG_WARN_OBJC_ROOT_CLASS = YES_ERROR;
				CLANG_WARN_QUOTED_INCLUDE_IN_FRAMEWORK_HEADER = YES;
				CLANG_WARN_RANGE_LOOP_ANALYSIS = YES;
				CLANG_WARN_STRICT_PROTOTYPES = YES;
				CLANG_WARN_SUSPICIOUS_MOVE = YES;
				CLANG_WARN_UNGUARDED_AVAILABILITY = YES_AGGRESSIVE;
				CLANG_WARN_UNREACHABLE_CODE = YES;
				CLANG_WARN__DUPLICATE_METHOD_MATCH = YES;
				COPY_PHASE_STRIP = NO;
				DEBUG_INFORMATION_FORMAT = "dwarf-with-dsym";
				ENABLE_NS_ASSERTIONS = NO;
				ENABLE_STRICT_OBJC_MSGSEND = YES;
				ENABLE_USER_SCRIPT_SANDBOXING = YES;
				GCC_C_LANGUAGE_STANDARD = gnu17;
				GCC_NO_COMMON_BLOCKS = YES;
				GCC_WARN_64_TO_32_BIT_CONVERSION = YES;
				GCC_WARN_ABOUT_RETURN_TYPE = YES_ERROR;
				GCC_WARN_UNDECLARED_SELECTOR = YES;
				GCC_WARN_UNINITIALIZED_AUTOS = YES_AGGRESSIVE;
				GCC_WARN_UNUSED_FUNCTION = YES;
				GCC_WARN_UNUSED_VARIABLE = YES;
				IPHONEOS_DEPLOYMENT_TARGET = 17.2;
				LOCALIZATION_PREFERS_STRING_CATALOGS = YES;
				MTL_ENABLE_DEBUG_INFO = NO;
				MTL_FAST_MATH = YES;
				SDKROOT = iphoneos;
				SWIFT_COMPILATION_MODE = wholemodule;
				VALIDATE_PRODUCT = YES;
			};
			name = Release;
		};
		344225C42BD017A5009AA275 /* Debug */ = {
			isa = XCBuildConfiguration;
			buildSettings = {
				ASSETCATALOG_COMPILER_APPICON_NAME = AppIcon;
				ASSETCATALOG_COMPILER_GLOBAL_ACCENT_COLOR_NAME = AccentColor;
				CODE_SIGN_STYLE = Automatic;
				CURRENT_PROJECT_VERSION = 1;
				DEVELOPMENT_ASSET_PATHS = "\"StudyApp_SwiftUI/Preview Content\"";
				DEVELOPMENT_TEAM = 5NG3V567GS;
				ENABLE_PREVIEWS = YES;
				GENERATE_INFOPLIST_FILE = YES;
				INFOPLIST_KEY_UIApplicationSceneManifest_Generation = YES;
				INFOPLIST_KEY_UIApplicationSupportsIndirectInputEvents = YES;
				INFOPLIST_KEY_UILaunchScreen_Generation = YES;
				INFOPLIST_KEY_UISupportedInterfaceOrientations_iPad = "UIInterfaceOrientationPortrait UIInterfaceOrientationPortraitUpsideDown UIInterfaceOrientationLandscapeLeft UIInterfaceOrientationLandscapeRight";
				INFOPLIST_KEY_UISupportedInterfaceOrientations_iPhone = "UIInterfaceOrientationPortrait UIInterfaceOrientationLandscapeLeft UIInterfaceOrientationLandscapeRight";
				LD_RUNPATH_SEARCH_PATHS = (
					"$(inherited)",
					"@executable_path/Frameworks",
				);
				MARKETING_VERSION = 1.0;
				PRODUCT_BUNDLE_IDENTIFIER = "com.dmitri.StudyApp-SwiftUI";
				PRODUCT_NAME = "$(TARGET_NAME)";
				SWIFT_EMIT_LOC_STRINGS = YES;
				SWIFT_VERSION = 5.0;
				TARGETED_DEVICE_FAMILY = "1,2";
			};
			name = Debug;
		};
		344225C52BD017A5009AA275 /* Release */ = {
			isa = XCBuildConfiguration;
			buildSettings = {
				ASSETCATALOG_COMPILER_APPICON_NAME = AppIcon;
				ASSETCATALOG_COMPILER_GLOBAL_ACCENT_COLOR_NAME = AccentColor;
				CODE_SIGN_STYLE = Automatic;
				CURRENT_PROJECT_VERSION = 1;
				DEVELOPMENT_ASSET_PATHS = "\"StudyApp_SwiftUI/Preview Content\"";
				DEVELOPMENT_TEAM = 5NG3V567GS;
				ENABLE_PREVIEWS = YES;
				GENERATE_INFOPLIST_FILE = YES;
				INFOPLIST_KEY_UIApplicationSceneManifest_Generation = YES;
				INFOPLIST_KEY_UIApplicationSupportsIndirectInputEvents = YES;
				INFOPLIST_KEY_UILaunchScreen_Generation = YES;
				INFOPLIST_KEY_UISupportedInterfaceOrientations_iPad = "UIInterfaceOrientationPortrait UIInterfaceOrientationPortraitUpsideDown UIInterfaceOrientationLandscapeLeft UIInterfaceOrientationLandscapeRight";
				INFOPLIST_KEY_UISupportedInterfaceOrientations_iPhone = "UIInterfaceOrientationPortrait UIInterfaceOrientationLandscapeLeft UIInterfaceOrientationLandscapeRight";
				LD_RUNPATH_SEARCH_PATHS = (
					"$(inherited)",
					"@executable_path/Frameworks",
				);
				MARKETING_VERSION = 1.0;
				PRODUCT_BUNDLE_IDENTIFIER = "com.dmitri.StudyApp-SwiftUI";
				PRODUCT_NAME = "$(TARGET_NAME)";
				SWIFT_EMIT_LOC_STRINGS = YES;
				SWIFT_VERSION = 5.0;
				TARGETED_DEVICE_FAMILY = "1,2";
			};
			name = Release;
		};
/* End XCBuildConfiguration section */

/* Begin XCConfigurationList section */
		344225B02BD017A3009AA275 /* Build configuration list for PBXProject "StudyApp_SwiftUI" */ = {
			isa = XCConfigurationList;
			buildConfigurations = (
				344225C12BD017A5009AA275 /* Debug */,
				344225C22BD017A5009AA275 /* Release */,
			);
			defaultConfigurationIsVisible = 0;
			defaultConfigurationName = Release;
		};
		344225C32BD017A5009AA275 /* Build configuration list for PBXNativeTarget "StudyApp_SwiftUI" */ = {
			isa = XCConfigurationList;
			buildConfigurations = (
				344225C42BD017A5009AA275 /* Debug */,
				344225C52BD017A5009AA275 /* Release */,
			);
			defaultConfigurationIsVisible = 0;
			defaultConfigurationName = Release;
		};
/* End XCConfigurationList section */
	};
	rootObject = 344225AD2BD017A3009AA275 /* Project object */;
}
